
Microsoft Visual Studio Solution File, Format Version 12.00
# Visual Studio Version 17
VisualStudioVersion = 17.8.34316.72
MinimumVisualStudioVersion = 10.0.40219.1
Project("{FAE04EC0-301F-11D3-BF4B-00C04F79EFBC}") = "record-store-management-system", "record-store-management-system\record-store-management-system.csproj", "{ED22250F-73B1-4CE0-9211-878AD675DC77}"
EndProject
Global
	GlobalSection(SolutionConfigurationPlatforms) = preSolution
		Debug|Any CPU = Debug|Any CPU
		Release|Any CPU = Release|Any CPU
	EndGlobalSection
	GlobalSection(ProjectConfigurationPlatforms) = postSolution
		{ED22250F-73B1-4CE0-9211-878AD675DC77}.Debug|Any CPU.ActiveCfg = Debug|Any CPU
		{ED22250F-73B1-4CE0-9211-878AD675DC77}.Debug|Any CPU.Build.0 = Debug|Any CPU
		{ED22250F-73B1-4CE0-9211-878AD675DC77}.Release|Any CPU.ActiveCfg = Release|Any CPU
		{ED22250F-73B1-4CE0-9211-878AD675DC77}.Release|Any CPU.Build.0 = Release|Any CPU
	EndGlobalSection
	GlobalSection(SolutionProperties) = preSolution
		HideSolutionNode = FALSE
	EndGlobalSection
	GlobalSection(ExtensibilityGlobals) = postSolution
		SolutionGuid = {50DC2ECD-85BF-4E55-A7D8-2B37C046DB05}
	EndGlobalSection
EndGlobal
